// !$*UTF8*$!
{
	archiveVersion = 1;
	classes = {
	};
	objectVersion = 56;
	objects = {

/* Begin PBXBuildFile section */
		227C16AC2C5CC55F003061F3 /* api_terms_cn.html in Resources */ = {isa = PBXBuildFile; fileRef = 227C16A12C5CC55F003061F3 /* api_terms_cn.html */; };
		227C16AD2C5CC55F003061F3 /* license_cn.html in Resources */ = {isa = PBXBuildFile; fileRef = 227C16A22C5CC55F003061F3 /* license_cn.html */; };
		227C16AE2C5CC55F003061F3 /* privacy_policy_cn.html in Resources */ = {isa = PBXBuildFile; fileRef = 227C16A32C5CC55F003061F3 /* privacy_policy_cn.html */; };
		227C16AF2C5CC55F003061F3 /* terms_and_conditions_cn.html in Resources */ = {isa = PBXBuildFile; fileRef = 227C16A42C5CC55F003061F3 /* terms_and_conditions_cn.html */; };
		227C16B02C5CC55F003061F3 /* api_terms_en.html in Resources */ = {isa = PBXBuildFile; fileRef = 227C16A62C5CC55F003061F3 /* api_terms_en.html */; };
		227C16B12C5CC55F003061F3 /* license_en.html in Resources */ = {isa = PBXBuildFile; fileRef = 227C16A72C5CC55F003061F3 /* license_en.html */; };
		227C16B22C5CC55F003061F3 /* privacy_policy_en.html in Resources */ = {isa = PBXBuildFile; fileRef = 227C16A82C5CC55F003061F3 /* privacy_policy_en.html */; };
		227C16B32C5CC55F003061F3 /* terms_and_conditions_en.html in Resources */ = {isa = PBXBuildFile; fileRef = 227C16A92C5CC55F003061F3 /* terms_and_conditions_en.html */; };
		227C16BD2C5CDBC5003061F3 /* Localizable.xcstrings in Resources */ = {isa = PBXBuildFile; fileRef = 227C16BC2C5CDBC5003061F3 /* Localizable.xcstrings */; };
		22964CBF2C5371A700D899C4 /* AppDelegate.swift in Sources */ = {isa = PBXBuildFile; fileRef = 22964CBE2C5371A700D899C4 /* AppDelegate.swift */; };
		22964CC12C5371A700D899C4 /* SceneDelegate.swift in Sources */ = {isa = PBXBuildFile; fileRef = 22964CC02C5371A700D899C4 /* SceneDelegate.swift */; };
		22964CC32C5371A700D899C4 /* ViewController.swift in Sources */ = {isa = PBXBuildFile; fileRef = 22964CC22C5371A700D899C4 /* ViewController.swift */; };
		22964CC62C5371A700D899C4 /* Base in Resources */ = {isa = PBXBuildFile; fileRef = 22964CC52C5371A700D899C4 /* Base */; };
		22964CC82C5371A900D899C4 /* Assets.xcassets in Resources */ = {isa = PBXBuildFile; fileRef = 22964CC72C5371A900D899C4 /* Assets.xcassets */; };
		22964CCB2C5371A900D899C4 /* Base in Resources */ = {isa = PBXBuildFile; fileRef = 22964CCA2C5371A900D899C4 /* Base */; };
		E403A5D3C35FF24C83F8437F /* Pods_Monotone.framework in Frameworks */ = {isa = PBXBuildFile; fileRef = 00DDE558E716D4FBDA6478D7 /* Pods_Monotone.framework */; };
/* End PBXBuildFile section */

/* Begin PBXFileReference section */
		00DDE558E716D4FBDA6478D7 /* Pods_Monotone.framework */ = {isa = PBXFileReference; explicitFileType = wrapper.framework; includeInIndex = 0; path = Pods_Monotone.framework; sourceTree = BUILT_PRODUCTS_DIR; };
		03E58B4B02FB44718FEE865D /* Pods-Monotone.release.xcconfig */ = {isa = PBXFileReference; includeInIndex = 1; lastKnownFileType = text.xcconfig; name = "Pods-Monotone.release.xcconfig"; path = "Target Support Files/Pods-Monotone/Pods-Monotone.release.xcconfig"; sourceTree = "<group>"; };
		227C16A12C5CC55F003061F3 /* api_terms_cn.html */ = {isa = PBXFileReference; fileEncoding = 4; lastKnownFileType = text.html; path = api_terms_cn.html; sourceTree = "<group>"; };
		227C16A22C5CC55F003061F3 /* license_cn.html */ = {isa = PBXFileReference; fileEncoding = 4; lastKnownFileType = text.html; path = license_cn.html; sourceTree = "<group>"; };
		227C16A32C5CC55F003061F3 /* privacy_policy_cn.html */ = {isa = PBXFileReference; fileEncoding = 4; lastKnownFileType = text.html; path = privacy_policy_cn.html; sourceTree = "<group>"; };
		227C16A42C5CC55F003061F3 /* terms_and_conditions_cn.html */ = {isa = PBXFileReference; fileEncoding = 4; lastKnownFileType = text.html; path = terms_and_conditions_cn.html; sourceTree = "<group>"; };
		227C16A62C5CC55F003061F3 /* api_terms_en.html */ = {isa = PBXFileReference; fileEncoding = 4; lastKnownFileType = text.html; path = api_terms_en.html; sourceTree = "<group>"; };
		227C16A72C5CC55F003061F3 /* license_en.html */ = {isa = PBXFileReference; fileEncoding = 4; lastKnownFileType = text.html; path = license_en.html; sourceTree = "<group>"; };
		227C16A82C5CC55F003061F3 /* privacy_policy_en.html */ = {isa = PBXFileReference; fileEncoding = 4; lastKnownFileType = text.html; path = privacy_policy_en.html; sourceTree = "<group>"; };
		227C16A92C5CC55F003061F3 /* terms_and_conditions_en.html */ = {isa = PBXFileReference; fileEncoding = 4; lastKnownFileType = text.html; path = terms_and_conditions_en.html; sourceTree = "<group>"; };
		227C16B62C5CC6D0003061F3 /* en */ = {isa = PBXFileReference; lastKnownFileType = text.plist.strings; name = en; path = en.lproj/Main.strings; sourceTree = "<group>"; };
		227C16B72C5CC6D0003061F3 /* en */ = {isa = PBXFileReference; lastKnownFileType = text.plist.strings; name = en; path = en.lproj/LaunchScreen.strings; sourceTree = "<group>"; };
		227C16BC2C5CDBC5003061F3 /* Localizable.xcstrings */ = {isa = PBXFileReference; lastKnownFileType = text.json.xcstrings; path = Localizable.xcstrings; sourceTree = "<group>"; };
		22964CBB2C5371A700D899C4 /* Monotone.app */ = {isa = PBXFileReference; explicitFileType = wrapper.application; includeInIndex = 0; path = Monotone.app; sourceTree = BUILT_PRODUCTS_DIR; };
		22964CBE2C5371A700D899C4 /* AppDelegate.swift */ = {isa = PBXFileReference; lastKnownFileType = sourcecode.swift; path = AppDelegate.swift; sourceTree = "<group>"; };
		22964CC02C5371A700D899C4 /* SceneDelegate.swift */ = {isa = PBXFileReference; lastKnownFileType = sourcecode.swift; path = SceneDelegate.swift; sourceTree = "<group>"; };
		22964CC22C5371A700D899C4 /* ViewController.swift */ = {isa = PBXFileReference; lastKnownFileType = sourcecode.swift; path = ViewController.swift; sourceTree = "<group>"; };
		22964CC52C5371A700D899C4 /* Base */ = {isa = PBXFileReference; lastKnownFileType = file.storyboard; name = Base; path = Base.lproj/Main.storyboard; sourceTree = "<group>"; };
		22964CC72C5371A900D899C4 /* Assets.xcassets */ = {isa = PBXFileReference; lastKnownFileType = folder.assetcatalog; path = Assets.xcassets; sourceTree = "<group>"; };
		22964CCA2C5371A900D899C4 /* Base */ = {isa = PBXFileReference; lastKnownFileType = file.storyboard; name = Base; path = Base.lproj/LaunchScreen.storyboard; sourceTree = "<group>"; };
		22964CCC2C5371A900D899C4 /* Info.plist */ = {isa = PBXFileReference; lastKnownFileType = text.plist.xml; path = Info.plist; sourceTree = "<group>"; };
		6E1001625C1BDC69A80F5CFF /* Pods-Monotone.debug.xcconfig */ = {isa = PBXFileReference; includeInIndex = 1; lastKnownFileType = text.xcconfig; name = "Pods-Monotone.debug.xcconfig"; path = "Target Support Files/Pods-Monotone/Pods-Monotone.debug.xcconfig"; sourceTree = "<group>"; };
/* End PBXFileReference section */

/* Begin PBXFrameworksBuildPhase section */
		22964CB82C5371A700D899C4 /* Frameworks */ = {
			isa = PBXFrameworksBuildPhase;
			buildActionMask = 2147483647;
			files = (
				E403A5D3C35FF24C83F8437F /* Pods_Monotone.framework in Frameworks */,
			);
			runOnlyForDeploymentPostprocessing = 0;
		};
/* End PBXFrameworksBuildPhase section */

/* Begin PBXGroup section */
		227C16A52C5CC55F003061F3 /* CN */ = {
			isa = PBXGroup;
			children = (
				227C16A12C5CC55F003061F3 /* api_terms_cn.html */,
				227C16A22C5CC55F003061F3 /* license_cn.html */,
				227C16A32C5CC55F003061F3 /* privacy_policy_cn.html */,
				227C16A42C5CC55F003061F3 /* terms_and_conditions_cn.html */,
			);
			path = CN;
			sourceTree = "<group>";
		};
		227C16AA2C5CC55F003061F3 /* EN */ = {
			isa = PBXGroup;
			children = (
				227C16A62C5CC55F003061F3 /* api_terms_en.html */,
				227C16A72C5CC55F003061F3 /* license_en.html */,
				227C16A82C5CC55F003061F3 /* privacy_policy_en.html */,
				227C16A92C5CC55F003061F3 /* terms_and_conditions_en.html */,
			);
			path = EN;
			sourceTree = "<group>";
		};
		227C16AB2C5CC55F003061F3 /* Licenses */ = {
			isa = PBXGroup;
			children = (
				227C16A52C5CC55F003061F3 /* CN */,
				227C16AA2C5CC55F003061F3 /* EN */,
			);
			path = Licenses;
			sourceTree = "<group>";
		};
		22964CB22C5371A700D899C4 = {
			isa = PBXGroup;
			children = (
				22964CBD2C5371A700D899C4 /* Monotone */,
				22964CBC2C5371A700D899C4 /* Products */,
				5F49115CA775C1139A396C01 /* Pods */,
				C772C68DAC6974B94DB51DAF /* Frameworks */,
			);
			sourceTree = "<group>";
		};
		22964CBC2C5371A700D899C4 /* Products */ = {
			isa = PBXGroup;
			children = (
				22964CBB2C5371A700D899C4 /* Monotone.app */,
			);
			name = Products;
			sourceTree = "<group>";
		};
		22964CBD2C5371A700D899C4 /* Monotone */ = {
			isa = PBXGroup;
			children = (
				22964CD22C549B9400D899C4 /* Vars */,
				22964CD32C549B9F00D899C4 /* Enums */,
				22964CD42C549BA700D899C4 /* Application */,
				22964CD52C549BB000D899C4 /* Utils */,
				22964CD62C549BB700D899C4 /* Extensions */,
				22964CD72C549BC100D899C4 /* Services */,
				22964CD82C549BCA00D899C4 /* Components */,
				22964CD92C549BD500D899C4 /* ViewModels */,
				22964CDA2C549BDF00D899C4 /* ViewControllers */,
				22964CDB2C549BEA00D899C4 /* Models */,
				22964CDC2C549BF000D899C4 /* Coordinators */,
				22964CDD2C549BFC00D899C4 /* Resource */,
				22964CBE2C5371A700D899C4 /* AppDelegate.swift */,
				22964CC02C5371A700D899C4 /* SceneDelegate.swift */,
				22964CC22C5371A700D899C4 /* ViewController.swift */,
				22964CC42C5371A700D899C4 /* Main.storyboard */,
				22964CC72C5371A900D899C4 /* Assets.xcassets */,
				22964CC92C5371A900D899C4 /* LaunchScreen.storyboard */,
				22964CCC2C5371A900D899C4 /* Info.plist */,
				227C16BC2C5CDBC5003061F3 /* Localizable.xcstrings */,
			);
			path = Monotone;
			sourceTree = "<group>";
		};
		22964CD22C549B9400D899C4 /* Vars */ = {
			isa = PBXGroup;
			children = (
			);
			path = Vars;
			sourceTree = "<group>";
		};
		22964CD32C549B9F00D899C4 /* Enums */ = {
			isa = PBXGroup;
			children = (
			);
			path = Enums;
			sourceTree = "<group>";
		};
		22964CD42C549BA700D899C4 /* Application */ = {
			isa = PBXGroup;
			children = (
			);
			path = Application;
			sourceTree = "<group>";
		};
		22964CD52C549BB000D899C4 /* Utils */ = {
			isa = PBXGroup;
			children = (
			);
			path = Utils;
			sourceTree = "<group>";
		};
		22964CD62C549BB700D899C4 /* Extensions */ = {
			isa = PBXGroup;
			children = (
			);
			path = Extensions;
			sourceTree = "<group>";
		};
		22964CD72C549BC100D899C4 /* Services */ = {
			isa = PBXGroup;
			children = (
				22964CDE2C549C3100D899C4 /* Authentication */,
				22964CDF2C549C4000D899C4 /* Network */,
			);
			path = Services;
			sourceTree = "<group>";
		};
		22964CD82C549BCA00D899C4 /* Components */ = {
			isa = PBXGroup;
			children = (
			);
			path = Components;
			sourceTree = "<group>";
		};
		22964CD92C549BD500D899C4 /* ViewModels */ = {
			isa = PBXGroup;
			children = (
			);
			path = ViewModels;
			sourceTree = "<group>";
		};
		22964CDA2C549BDF00D899C4 /* ViewControllers */ = {
			isa = PBXGroup;
			children = (
			);
			path = ViewControllers;
			sourceTree = "<group>";
		};
		22964CDB2C549BEA00D899C4 /* Models */ = {
			isa = PBXGroup;
			children = (
			);
			path = Models;
			sourceTree = "<group>";
		};
		22964CDC2C549BF000D899C4 /* Coordinators */ = {
			isa = PBXGroup;
			children = (
			);
			path = Coordinators;
			sourceTree = "<group>";
		};
		22964CDD2C549BFC00D899C4 /* Resource */ = {
			isa = PBXGroup;
			children = (
				227C16AB2C5CC55F003061F3 /* Licenses */,
			);
			path = Resource;
			sourceTree = "<group>";
		};
		22964CDE2C549C3100D899C4 /* Authentication */ = {
			isa = PBXGroup;
			children = (
			);
			path = Authentication;
			sourceTree = "<group>";
		};
		22964CDF2C549C4000D899C4 /* Network */ = {
			isa = PBXGroup;
			children = (
			);
			path = Network;
			sourceTree = "<group>";
		};
		5F49115CA775C1139A396C01 /* Pods */ = {
			isa = PBXGroup;
			children = (
				6E1001625C1BDC69A80F5CFF /* Pods-Monotone.debug.xcconfig */,
				03E58B4B02FB44718FEE865D /* Pods-Monotone.release.xcconfig */,
			);
			path = Pods;
			sourceTree = "<group>";
		};
		C772C68DAC6974B94DB51DAF /* Frameworks */ = {
			isa = PBXGroup;
			children = (
				00DDE558E716D4FBDA6478D7 /* Pods_Monotone.framework */,
			);
			name = Frameworks;
			sourceTree = "<group>";
		};
/* End PBXGroup section */

/* Begin PBXNativeTarget section */
		22964CBA2C5371A700D899C4 /* Monotone */ = {
			isa = PBXNativeTarget;
			buildConfigurationList = 22964CCF2C5371A900D899C4 /* Build configuration list for PBXNativeTarget "Monotone" */;
			buildPhases = (
				6D0F719EA4A8A0D2B721AE6A /* [CP] Check Pods Manifest.lock */,
				22964CB72C5371A700D899C4 /* Sources */,
				22964CB82C5371A700D899C4 /* Frameworks */,
				22964CB92C5371A700D899C4 /* Resources */,
				CBA198B12908FDF28847B6BD /* [CP] Embed Pods Frameworks */,
				227C16A02C5CBCB5003061F3 /* ShellScript */,
			);
			buildRules = (
			);
			dependencies = (
			);
			name = Monotone;
			productName = Monotone;
			productReference = 22964CBB2C5371A700D899C4 /* Monotone.app */;
			productType = "com.apple.product-type.application";
		};
/* End PBXNativeTarget section */

/* Begin PBXProject section */
		22964CB32C5371A700D899C4 /* Project object */ = {
			isa = PBXProject;
			attributes = {
				BuildIndependentTargetsInParallel = 1;
				LastSwiftUpdateCheck = 1540;
				LastUpgradeCheck = 1540;
				TargetAttributes = {
					22964CBA2C5371A700D899C4 = {
						CreatedOnToolsVersion = 15.4;
					};
				};
			};
			buildConfigurationList = 22964CB62C5371A700D899C4 /* Build configuration list for PBXProject "Monotone" */;
			compatibilityVersion = "Xcode 14.0";
			developmentRegion = en;
			hasScannedForEncodings = 0;
			knownRegions = (
				en,
				Base,
				"zh-Hans",
			);
			mainGroup = 22964CB22C5371A700D899C4;
			productRefGroup = 22964CBC2C5371A700D899C4 /* Products */;
			projectDirPath = "";
			projectRoot = "";
			targets = (
				22964CBA2C5371A700D899C4 /* Monotone */,
			);
		};
/* End PBXProject section */

/* Begin PBXResourcesBuildPhase section */
		22964CB92C5371A700D899C4 /* Resources */ = {
			isa = PBXResourcesBuildPhase;
			buildActionMask = 2147483647;
			files = (
				227C16B22C5CC55F003061F3 /* privacy_policy_en.html in Resources */,
				227C16AE2C5CC55F003061F3 /* privacy_policy_cn.html in Resources */,
				227C16BD2C5CDBC5003061F3 /* Localizable.xcstrings in Resources */,
				227C16AC2C5CC55F003061F3 /* api_terms_cn.html in Resources */,
				227C16B12C5CC55F003061F3 /* license_en.html in Resources */,
				227C16B02C5CC55F003061F3 /* api_terms_en.html in Resources */,
				22964CC82C5371A900D899C4 /* Assets.xcassets in Resources */,
				227C16AF2C5CC55F003061F3 /* terms_and_conditions_cn.html in Resources */,
				22964CCB2C5371A900D899C4 /* Base in Resources */,
				22964CC62C5371A700D899C4 /* Base in Resources */,
				227C16AD2C5CC55F003061F3 /* license_cn.html in Resources */,
				227C16B32C5CC55F003061F3 /* terms_and_conditions_en.html in Resources */,
			);
			runOnlyForDeploymentPostprocessing = 0;
		};
/* End PBXResourcesBuildPhase section */

/* Begin PBXShellScriptBuildPhase section */
		227C16A02C5CBCB5003061F3 /* ShellScript */ = {
			isa = PBXShellScriptBuildPhase;
			buildActionMask = 2147483647;
			files = (
			);
			inputFileListPaths = (
			);
			inputPaths = (
			);
			outputFileListPaths = (
			);
			outputPaths = (
			);
			runOnlyForDeploymentPostprocessing = 0;
			shellPath = /bin/sh;
			shellScript = "# Type a script or drag a script file from your workspace to insert its path.\n\n# Reveal Script\nREVEAL_APP_PATH=$(mdfind kMDItemCFBundleIdentifier=\"com.ittybittyapps.Reveal2\" | head -n 1)\nBUILD_SCRIPT_PATH=\"${REVEAL_APP_PATH}/Contents/SharedSupport/Scripts/reveal_server_build_phase.sh\"\nif [ \"${REVEAL_APP_PATH}\" -a -e \"${BUILD_SCRIPT_PATH}\" ]; then\n    \"${BUILD_SCRIPT_PATH}\"\nelse\n    echo \"Reveal Server not loaded: Cannot find a compatible Reveal app.\"\nfi\n\n# Copy API keys\nCONFIG_FILE_BASE_NAME=\"config\"\n# CONFIG_FILE_NAME=${CONFIG_FILE_BASE_NAME}_debug.json\nCONFIG_FILE_NAME=${CONFIG_FILE_BASE_NAME}.json\nCONFIG_FILE_PATH=${PROJECT_DIR}/$CONFIG_FILE_NAME\n\necho \"Config path is ${CONFIG_FILE_PATH}\"\n\nif [ -f \"${CONFIG_FILE_PATH}\" ]; then\n  cp -v \"${CONFIG_FILE_PATH}\" \"${BUILT_PRODUCTS_DIR}/${PRODUCT_NAME}.app\"\n  echo \"copy ${CONFIG_FILE_PATH} to ${BUILT_PRODUCTS_DIR}/${PRODUCT_NAME}.app.\"\nelse\n  echo \"${CONFIG_FILE_PATH} does not exist.\"\nfi\n";
		};
		6D0F719EA4A8A0D2B721AE6A /* [CP] Check Pods Manifest.lock */ = {
			isa = PBXShellScriptBuildPhase;
			buildActionMask = 2147483647;
			files = (
			);
			inputFileListPaths = (
			);
			inputPaths = (
				"${PODS_PODFILE_DIR_PATH}/Podfile.lock",
				"${PODS_ROOT}/Manifest.lock",
			);
			name = "[CP] Check Pods Manifest.lock";
			outputFileListPaths = (
			);
			outputPaths = (
				"$(DERIVED_FILE_DIR)/Pods-Monotone-checkManifestLockResult.txt",
			);
			runOnlyForDeploymentPostprocessing = 0;
			shellPath = /bin/sh;
			shellScript = "diff \"${PODS_PODFILE_DIR_PATH}/Podfile.lock\" \"${PODS_ROOT}/Manifest.lock\" > /dev/null\nif [ $? != 0 ] ; then\n    # print error to STDERR\n    echo \"error: The sandbox is not in sync with the Podfile.lock. Run 'pod install' or update your CocoaPods installation.\" >&2\n    exit 1\nfi\n# This output is used by Xcode 'outputs' to avoid re-running this script phase.\necho \"SUCCESS\" > \"${SCRIPT_OUTPUT_FILE_0}\"\n";
			showEnvVarsInLog = 0;
		};
		CBA198B12908FDF28847B6BD /* [CP] Embed Pods Frameworks */ = {
			isa = PBXShellScriptBuildPhase;
			buildActionMask = 2147483647;
			files = (
			);
			inputFileListPaths = (
				"${PODS_ROOT}/Target Support Files/Pods-Monotone/Pods-Monotone-frameworks-${CONFIGURATION}-input-files.xcfilelist",
			);
			name = "[CP] Embed Pods Frameworks";
			outputFileListPaths = (
				"${PODS_ROOT}/Target Support Files/Pods-Monotone/Pods-Monotone-frameworks-${CONFIGURATION}-output-files.xcfilelist",
			);
			runOnlyForDeploymentPostprocessing = 0;
			shellPath = /bin/sh;
			shellScript = "\"${PODS_ROOT}/Target Support Files/Pods-Monotone/Pods-Monotone-frameworks.sh\"\n";
			showEnvVarsInLog = 0;
		};
/* End PBXShellScriptBuildPhase section */

/* Begin PBXSourcesBuildPhase section */
		22964CB72C5371A700D899C4 /* Sources */ = {
			isa = PBXSourcesBuildPhase;
			buildActionMask = 2147483647;
			files = (
				22964CC32C5371A700D899C4 /* ViewController.swift in Sources */,
				22964CBF2C5371A700D899C4 /* AppDelegate.swift in Sources */,
				22964CC12C5371A700D899C4 /* SceneDelegate.swift in Sources */,
			);
			runOnlyForDeploymentPostprocessing = 0;
		};
/* End PBXSourcesBuildPhase section */

/* Begin PBXVariantGroup section */
		22964CC42C5371A700D899C4 /* Main.storyboard */ = {
			isa = PBXVariantGroup;
			children = (
				22964CC52C5371A700D899C4 /* Base */,
				227C16B62C5CC6D0003061F3 /* en */,
			);
			name = Main.storyboard;
			sourceTree = "<group>";
		};
		22964CC92C5371A900D899C4 /* LaunchScreen.storyboard */ = {
			isa = PBXVariantGroup;
			children = (
				22964CCA2C5371A900D899C4 /* Base */,
				227C16B72C5CC6D0003061F3 /* en */,
			);
			name = LaunchScreen.storyboard;
			sourceTree = "<group>";
		};
/* End PBXVariantGroup section */

/* Begin XCBuildConfiguration section */
		22964CCD2C5371A900D899C4 /* Debug */ = {
			isa = XCBuildConfiguration;
			buildSettings = {
				ALWAYS_SEARCH_USER_PATHS = NO;
				ASSETCATALOG_COMPILER_GENERATE_SWIFT_ASSET_SYMBOL_EXTENSIONS = YES;
				CLANG_ANALYZER_LOCALIZABILITY_NONLOCALIZED = YES;
				CLANG_ANALYZER_NONNULL = YES;
				CLANG_ANALYZER_NUMBER_OBJECT_CONVERSION = YES_AGGRESSIVE;
				CLANG_CXX_LANGUAGE_STANDARD = "gnu++20";
				CLANG_ENABLE_MODULES = YES;
				CLANG_ENABLE_OBJC_ARC = YES;
				CLANG_ENABLE_OBJC_WEAK = YES;
				CLANG_WARN_BLOCK_CAPTURE_AUTORELEASING = YES;
				CLANG_WARN_BOOL_CONVERSION = YES;
				CLANG_WARN_COMMA = YES;
				CLANG_WARN_CONSTANT_CONVERSION = YES;
				CLANG_WARN_DEPRECATED_OBJC_IMPLEMENTATIONS = YES;
				CLANG_WARN_DIRECT_OBJC_ISA_USAGE = YES_ERROR;
				CLANG_WARN_DOCUMENTATION_COMMENTS = YES;
				CLANG_WARN_EMPTY_BODY = YES;
				CLANG_WARN_ENUM_CONVERSION = YES;
				CLANG_WARN_INFINITE_RECURSION = YES;
				CLANG_WARN_INT_CONVERSION = YES;
				CLANG_WARN_NON_LITERAL_NULL_CONVERSION = YES;
				CLANG_WARN_OBJC_IMPLICIT_RETAIN_SELF = YES;
				CLANG_WARN_OBJC_LITERAL_CONVERSION = YES;
				CLANG_WARN_OBJC_ROOT_CLASS = YES_ERROR;
				CLANG_WARN_QUOTED_INCLUDE_IN_FRAMEWORK_HEADER = YES;
				CLANG_WARN_RANGE_LOOP_ANALYSIS = YES;
				CLANG_WARN_STRICT_PROTOTYPES = YES;
				CLANG_WARN_SUSPICIOUS_MOVE = YES;
				CLANG_WARN_UNGUARDED_AVAILABILITY = YES_AGGRESSIVE;
				CLANG_WARN_UNREACHABLE_CODE = YES;
				CLANG_WARN__DUPLICATE_METHOD_MATCH = YES;
				COPY_PHASE_STRIP = NO;
				DEBUG_INFORMATION_FORMAT = dwarf;
				ENABLE_STRICT_OBJC_MSGSEND = YES;
				ENABLE_TESTABILITY = YES;
				ENABLE_USER_SCRIPT_SANDBOXING = YES;
				GCC_C_LANGUAGE_STANDARD = gnu17;
				GCC_DYNAMIC_NO_PIC = NO;
				GCC_NO_COMMON_BLOCKS = YES;
				GCC_OPTIMIZATION_LEVEL = 0;
				GCC_PREPROCESSOR_DEFINITIONS = (
					"DEBUG=1",
					"$(inherited)",
				);
				GCC_WARN_64_TO_32_BIT_CONVERSION = YES;
				GCC_WARN_ABOUT_RETURN_TYPE = YES_ERROR;
				GCC_WARN_UNDECLARED_SELECTOR = YES;
				GCC_WARN_UNINITIALIZED_AUTOS = YES_AGGRESSIVE;
				GCC_WARN_UNUSED_FUNCTION = YES;
				GCC_WARN_UNUSED_VARIABLE = YES;
				IPHONEOS_DEPLOYMENT_TARGET = 17.5;
				LOCALIZATION_PREFERS_STRING_CATALOGS = YES;
				MTL_ENABLE_DEBUG_INFO = INCLUDE_SOURCE;
				MTL_FAST_MATH = YES;
				ONLY_ACTIVE_ARCH = YES;
				SDKROOT = iphoneos;
				SWIFT_ACTIVE_COMPILATION_CONDITIONS = "DEBUG $(inherited)";
				SWIFT_OPTIMIZATION_LEVEL = "-Onone";
			};
			name = Debug;
		};
		22964CCE2C5371A900D899C4 /* Release */ = {
			isa = XCBuildConfiguration;
			buildSettings = {
				ALWAYS_SEARCH_USER_PATHS = NO;
				ASSETCATALOG_COMPILER_GENERATE_SWIFT_ASSET_SYMBOL_EXTENSIONS = YES;
				CLANG_ANALYZER_LOCALIZABILITY_NONLOCALIZED = YES;
				CLANG_ANALYZER_NONNULL = YES;
				CLANG_ANALYZER_NUMBER_OBJECT_CONVERSION = YES_AGGRESSIVE;
				CLANG_CXX_LANGUAGE_STANDARD = "gnu++20";
				CLANG_ENABLE_MODULES = YES;
				CLANG_ENABLE_OBJC_ARC = YES;
				CLANG_ENABLE_OBJC_WEAK = YES;
				CLANG_WARN_BLOCK_CAPTURE_AUTORELEASING = YES;
				CLANG_WARN_BOOL_CONVERSION = YES;
				CLANG_WARN_COMMA = YES;
				CLANG_WARN_CONSTANT_CONVERSION = YES;
				CLANG_WARN_DEPRECATED_OBJC_IMPLEMENTATIONS = YES;
				CLANG_WARN_DIRECT_OBJC_ISA_USAGE = YES_ERROR;
				CLANG_WARN_DOCUMENTATION_COMMENTS = YES;
				CLANG_WARN_EMPTY_BODY = YES;
				CLANG_WARN_ENUM_CONVERSION = YES;
				CLANG_WARN_INFINITE_RECURSION = YES;
				CLANG_WARN_INT_CONVERSION = YES;
				CLANG_WARN_NON_LITERAL_NULL_CONVERSION = YES;
				CLANG_WARN_OBJC_IMPLICIT_RETAIN_SELF = YES;
				CLANG_WARN_OBJC_LITERAL_CONVERSION = YES;
				CLANG_WARN_OBJC_ROOT_CLASS = YES_ERROR;
				CLANG_WARN_QUOTED_INCLUDE_IN_FRAMEWORK_HEADER = YES;
				CLANG_WARN_RANGE_LOOP_ANALYSIS = YES;
				CLANG_WARN_STRICT_PROTOTYPES = YES;
				CLANG_WARN_SUSPICIOUS_MOVE = YES;
				CLANG_WARN_UNGUARDED_AVAILABILITY = YES_AGGRESSIVE;
				CLANG_WARN_UNREACHABLE_CODE = YES;
				CLANG_WARN__DUPLICATE_METHOD_MATCH = YES;
				COPY_PHASE_STRIP = NO;
				DEBUG_INFORMATION_FORMAT = "dwarf-with-dsym";
				ENABLE_NS_ASSERTIONS = NO;
				ENABLE_STRICT_OBJC_MSGSEND = YES;
				ENABLE_USER_SCRIPT_SANDBOXING = YES;
				GCC_C_LANGUAGE_STANDARD = gnu17;
				GCC_NO_COMMON_BLOCKS = YES;
				GCC_WARN_64_TO_32_BIT_CONVERSION = YES;
				GCC_WARN_ABOUT_RETURN_TYPE = YES_ERROR;
				GCC_WARN_UNDECLARED_SELECTOR = YES;
				GCC_WARN_UNINITIALIZED_AUTOS = YES_AGGRESSIVE;
				GCC_WARN_UNUSED_FUNCTION = YES;
				GCC_WARN_UNUSED_VARIABLE = YES;
				IPHONEOS_DEPLOYMENT_TARGET = 17.5;
				LOCALIZATION_PREFERS_STRING_CATALOGS = YES;
				MTL_ENABLE_DEBUG_INFO = NO;
				MTL_FAST_MATH = YES;
				SDKROOT = iphoneos;
				SWIFT_COMPILATION_MODE = wholemodule;
				VALIDATE_PRODUCT = YES;
			};
			name = Release;
		};
		22964CD02C5371A900D899C4 /* Debug */ = {
			isa = XCBuildConfiguration;
			baseConfigurationReference = 6E1001625C1BDC69A80F5CFF /* Pods-Monotone.debug.xcconfig */;
			buildSettings = {
				ASSETCATALOG_COMPILER_APPICON_NAME = AppIcon;
				ASSETCATALOG_COMPILER_GLOBAL_ACCENT_COLOR_NAME = AccentColor;
				CODE_SIGN_STYLE = Automatic;
				CURRENT_PROJECT_VERSION = 1;
				DEVELOPMENT_TEAM = A8F7U6DN75;
				GENERATE_INFOPLIST_FILE = YES;
				INFOPLIST_FILE = Monotone/Info.plist;
				INFOPLIST_KEY_UIApplicationSupportsIndirectInputEvents = YES;
				INFOPLIST_KEY_UILaunchStoryboardName = LaunchScreen;
				INFOPLIST_KEY_UIMainStoryboardFile = Main;
				INFOPLIST_KEY_UISupportedInterfaceOrientations_iPad = "UIInterfaceOrientationPortrait UIInterfaceOrientationPortraitUpsideDown UIInterfaceOrientationLandscapeLeft UIInterfaceOrientationLandscapeRight";
				INFOPLIST_KEY_UISupportedInterfaceOrientations_iPhone = "UIInterfaceOrientationPortrait UIInterfaceOrientationLandscapeLeft UIInterfaceOrientationLandscapeRight";
				IPHONEOS_DEPLOYMENT_TARGET = 12.0;
				LD_RUNPATH_SEARCH_PATHS = (
					"$(inherited)",
					"@executable_path/Frameworks",
				);
				MARKETING_VERSION = 1.0;
				PRODUCT_BUNDLE_IDENTIFIER = com.haidian.Monotone;
				PRODUCT_NAME = "$(TARGET_NAME)";
				SUPPORTED_PLATFORMS = "iphoneos iphonesimulator";
				SUPPORTS_MACCATALYST = NO;
				SUPPORTS_MAC_DESIGNED_FOR_IPHONE_IPAD = NO;
				SUPPORTS_XR_DESIGNED_FOR_IPHONE_IPAD = NO;
				SWIFT_EMIT_LOC_STRINGS = YES;
				SWIFT_VERSION = 5.0;
				TARGETED_DEVICE_FAMILY = 1;
			};
			name = Debug;
		};
		22964CD12C5371A900D899C4 /* Release */ = {
			isa = XCBuildConfiguration;
			baseConfigurationReference = 03E58B4B02FB44718FEE865D /* Pods-Monotone.release.xcconfig */;
			buildSettings = {
				ASSETCATALOG_COMPILER_APPICON_NAME = AppIcon;
				ASSETCATALOG_COMPILER_GLOBAL_ACCENT_COLOR_NAME = AccentColor;
				CODE_SIGN_STYLE = Automatic;
				CURRENT_PROJECT_VERSION = 1;
				DEVELOPMENT_TEAM = A8F7U6DN75;
				GENERATE_INFOPLIST_FILE = YES;
				INFOPLIST_FILE = Monotone/Info.plist;
				INFOPLIST_KEY_UIApplicationSupportsIndirectInputEvents = YES;
				INFOPLIST_KEY_UILaunchStoryboardName = LaunchScreen;
				INFOPLIST_KEY_UIMainStoryboardFile = Main;
				INFOPLIST_KEY_UISupportedInterfaceOrientations_iPad = "UIInterfaceOrientationPortrait UIInterfaceOrientationPortraitUpsideDown UIInterfaceOrientationLandscapeLeft UIInterfaceOrientationLandscapeRight";
				INFOPLIST_KEY_UISupportedInterfaceOrientations_iPhone = "UIInterfaceOrientationPortrait UIInterfaceOrientationLandscapeLeft UIInterfaceOrientationLandscapeRight";
				IPHONEOS_DEPLOYMENT_TARGET = 12.0;
				LD_RUNPATH_SEARCH_PATHS = (
					"$(inherited)",
					"@executable_path/Frameworks",
				);
				MARKETING_VERSION = 1.0;
				PRODUCT_BUNDLE_IDENTIFIER = com.haidian.Monotone;
				PRODUCT_NAME = "$(TARGET_NAME)";
				SUPPORTED_PLATFORMS = "iphoneos iphonesimulator";
				SUPPORTS_MACCATALYST = NO;
				SUPPORTS_MAC_DESIGNED_FOR_IPHONE_IPAD = NO;
				SUPPORTS_XR_DESIGNED_FOR_IPHONE_IPAD = NO;
				SWIFT_EMIT_LOC_STRINGS = YES;
				SWIFT_VERSION = 5.0;
				TARGETED_DEVICE_FAMILY = 1;
			};
			name = Release;
		};
/* End XCBuildConfiguration section */

/* Begin XCConfigurationList section */
		22964CB62C5371A700D899C4 /* Build configuration list for PBXProject "Monotone" */ = {
			isa = XCConfigurationList;
			buildConfigurations = (
				22964CCD2C5371A900D899C4 /* Debug */,
				22964CCE2C5371A900D899C4 /* Release */,
			);
			defaultConfigurationIsVisible = 0;
			defaultConfigurationName = Release;
		};
		22964CCF2C5371A900D899C4 /* Build configuration list for PBXNativeTarget "Monotone" */ = {
			isa = XCConfigurationList;
			buildConfigurations = (
				22964CD02C5371A900D899C4 /* Debug */,
				22964CD12C5371A900D899C4 /* Release */,
			);
			defaultConfigurationIsVisible = 0;
			defaultConfigurationName = Release;
		};
/* End XCConfigurationList section */
	};
	rootObject = 22964CB32C5371A700D899C4 /* Project object */;
}
